// !$*UTF8*$!
{
	archiveVersion = 1;
	classes = {
	};
	objectVersion = 52;
	objects = {

/* Begin PBXBuildFile section */
		531E5CFD2697AB25008C5827 /* AppDelegate.swift in Sources */ = {isa = PBXBuildFile; fileRef = 531E5CFC2697AB25008C5827 /* AppDelegate.swift */; };
		531E5CFF2697AB25008C5827 /* SceneDelegate.swift in Sources */ = {isa = PBXBuildFile; fileRef = 531E5CFE2697AB25008C5827 /* SceneDelegate.swift */; };
		531E5D062697AB26008C5827 /* Assets.xcassets in Resources */ = {isa = PBXBuildFile; fileRef = 531E5D052697AB26008C5827 /* Assets.xcassets */; };
		531E5D092697AB26008C5827 /* LaunchScreen.storyboard in Resources */ = {isa = PBXBuildFile; fileRef = 531E5D072697AB26008C5827 /* LaunchScreen.storyboard */; };
		531E5D142697AB26008C5827 /* MyFlightsTests.swift in Sources */ = {isa = PBXBuildFile; fileRef = 531E5D132697AB26008C5827 /* MyFlightsTests.swift */; };
		534E92B426B4ADAD009FDA4B /* MyFlightsDeeplinking in Frameworks */ = {isa = PBXBuildFile; productRef = 534E92B326B4ADAD009FDA4B /* MyFlightsDeeplinking */; };
		53663136269D92E60075F9F0 /* CustomServiceFlightDetailViewControllerDelegateTracker.swift in Sources */ = {isa = PBXBuildFile; fileRef = 5366312A269D92E60075F9F0 /* CustomServiceFlightDetailViewControllerDelegateTracker.swift */; };
		53663137269D92E60075F9F0 /* FlightsSearchViewControllerComposer.swift in Sources */ = {isa = PBXBuildFile; fileRef = 5366312B269D92E60075F9F0 /* FlightsSearchViewControllerComposer.swift */; };
		53663139269D92E60075F9F0 /* UIKitFlightsSearchViewControllerFactory.swift in Sources */ = {isa = PBXBuildFile; fileRef = 5366312D269D92E60075F9F0 /* UIKitFlightsSearchViewControllerFactory.swift */; };
		5366313A269D92E60075F9F0 /* FirebaseFlightsSearchTracker.swift in Sources */ = {isa = PBXBuildFile; fileRef = 5366312E269D92E60075F9F0 /* FirebaseFlightsSearchTracker.swift */; };
		5366313B269D92E60075F9F0 /* UIKitFlightDetailViewControllerFactory.swift in Sources */ = {isa = PBXBuildFile; fileRef = 5366312F269D92E60075F9F0 /* UIKitFlightDetailViewControllerFactory.swift */; };
		5366313C269D92E60075F9F0 /* FirebaseFlightDetailViewControllerDelegateTracker.swift in Sources */ = {isa = PBXBuildFile; fileRef = 53663130269D92E60075F9F0 /* FirebaseFlightDetailViewControllerDelegateTracker.swift */; };
		5366313D269D92E60075F9F0 /* CustomServiceFlightsSearchTracker.swift in Sources */ = {isa = PBXBuildFile; fileRef = 53663131269D92E60075F9F0 /* CustomServiceFlightsSearchTracker.swift */; };
		5366313E269D92E60075F9F0 /* FlightDetailViewControllerDelegateComposer.swift in Sources */ = {isa = PBXBuildFile; fileRef = 53663132269D92E60075F9F0 /* FlightDetailViewControllerDelegateComposer.swift */; };
		5366313F269D92E60075F9F0 /* FlightsSearchRouter.swift in Sources */ = {isa = PBXBuildFile; fileRef = 53663133269D92E60075F9F0 /* FlightsSearchRouter.swift */; };
		53A8AA25269F8F7F00EE304B /* DetailsDeeplinkHandler.swift in Sources */ = {isa = PBXBuildFile; fileRef = 53A8AA24269F8F7F00EE304B /* DetailsDeeplinkHandler.swift */; };
		53A8AA2F269F93A200EE304B /* UIKitPushFlightsSearchRouter.swift in Sources */ = {isa = PBXBuildFile; fileRef = 53A8AA2E269F93A200EE304B /* UIKitPushFlightsSearchRouter.swift */; };
		53A8AA32269F93FF00EE304B /* FlightDetailViewControllerFactory.swift in Sources */ = {isa = PBXBuildFile; fileRef = 53A8AA31269F93FF00EE304B /* FlightDetailViewControllerFactory.swift */; };
		53C102C9269CE417002EEB05 /* MyFlightsSearchEngine in Frameworks */ = {isa = PBXBuildFile; productRef = 53C102C8269CE417002EEB05 /* MyFlightsSearchEngine */; };
		53C102CC269CE47B002EEB05 /* FlightsSearchPresentation in Frameworks */ = {isa = PBXBuildFile; productRef = 53C102CB269CE47B002EEB05 /* FlightsSearchPresentation */; };
		53FF799326B4A9AE0032019E /* DeeplinkBootstrapConfigurator.swift in Sources */ = {isa = PBXBuildFile; fileRef = 53FF799226B4A9AE0032019E /* DeeplinkBootstrapConfigurator.swift */; };
		53FF799526B4A9D10032019E /* DefaultDeeplinkHandler.swift in Sources */ = {isa = PBXBuildFile; fileRef = 53FF799426B4A9D10032019E /* DefaultDeeplinkHandler.swift */; };
		53FF799926B4ABD90032019E /* WhatsNew in Frameworks */ = {isa = PBXBuildFile; productRef = 53FF799826B4ABD90032019E /* WhatsNew */; };
/* End PBXBuildFile section */

/* Begin PBXContainerItemProxy section */
		531E5D102697AB26008C5827 /* PBXContainerItemProxy */ = {
			isa = PBXContainerItemProxy;
			containerPortal = 531E5CF12697AB25008C5827 /* Project object */;
			proxyType = 1;
			remoteGlobalIDString = 531E5CF82697AB25008C5827;
			remoteInfo = MyFlights;
		};
/* End PBXContainerItemProxy section */

/* Begin PBXFileReference section */
		531E5CF92697AB25008C5827 /* MyFlights.app */ = {isa = PBXFileReference; explicitFileType = wrapper.application; includeInIndex = 0; path = MyFlights.app; sourceTree = BUILT_PRODUCTS_DIR; };
		531E5CFC2697AB25008C5827 /* AppDelegate.swift */ = {isa = PBXFileReference; lastKnownFileType = sourcecode.swift; path = AppDelegate.swift; sourceTree = "<group>"; };
		531E5CFE2697AB25008C5827 /* SceneDelegate.swift */ = {isa = PBXFileReference; lastKnownFileType = sourcecode.swift; path = SceneDelegate.swift; sourceTree = "<group>"; };
		531E5D052697AB26008C5827 /* Assets.xcassets */ = {isa = PBXFileReference; lastKnownFileType = folder.assetcatalog; path = Assets.xcassets; sourceTree = "<group>"; };
		531E5D082697AB26008C5827 /* Base */ = {isa = PBXFileReference; lastKnownFileType = file.storyboard; name = Base; path = Base.lproj/LaunchScreen.storyboard; sourceTree = "<group>"; };
		531E5D0A2697AB26008C5827 /* Info.plist */ = {isa = PBXFileReference; lastKnownFileType = text.plist.xml; path = Info.plist; sourceTree = "<group>"; };
		531E5D0F2697AB26008C5827 /* MyFlightsTests.xctest */ = {isa = PBXFileReference; explicitFileType = wrapper.cfbundle; includeInIndex = 0; path = MyFlightsTests.xctest; sourceTree = BUILT_PRODUCTS_DIR; };
		531E5D132697AB26008C5827 /* MyFlightsTests.swift */ = {isa = PBXFileReference; lastKnownFileType = sourcecode.swift; path = MyFlightsTests.swift; sourceTree = "<group>"; };
		531E5D152697AB26008C5827 /* Info.plist */ = {isa = PBXFileReference; lastKnownFileType = text.plist.xml; path = Info.plist; sourceTree = "<group>"; };
		5366312A269D92E60075F9F0 /* CustomServiceFlightDetailViewControllerDelegateTracker.swift */ = {isa = PBXFileReference; fileEncoding = 4; lastKnownFileType = sourcecode.swift; path = CustomServiceFlightDetailViewControllerDelegateTracker.swift; sourceTree = "<group>"; };
		5366312B269D92E60075F9F0 /* FlightsSearchViewControllerComposer.swift */ = {isa = PBXFileReference; fileEncoding = 4; lastKnownFileType = sourcecode.swift; path = FlightsSearchViewControllerComposer.swift; sourceTree = "<group>"; };
		5366312D269D92E60075F9F0 /* UIKitFlightsSearchViewControllerFactory.swift */ = {isa = PBXFileReference; fileEncoding = 4; lastKnownFileType = sourcecode.swift; path = UIKitFlightsSearchViewControllerFactory.swift; sourceTree = "<group>"; };
		5366312E269D92E60075F9F0 /* FirebaseFlightsSearchTracker.swift */ = {isa = PBXFileReference; fileEncoding = 4; lastKnownFileType = sourcecode.swift; path = FirebaseFlightsSearchTracker.swift; sourceTree = "<group>"; };
		5366312F269D92E60075F9F0 /* UIKitFlightDetailViewControllerFactory.swift */ = {isa = PBXFileReference; fileEncoding = 4; lastKnownFileType = sourcecode.swift; path = UIKitFlightDetailViewControllerFactory.swift; sourceTree = "<group>"; };
		53663130269D92E60075F9F0 /* FirebaseFlightDetailViewControllerDelegateTracker.swift */ = {isa = PBXFileReference; fileEncoding = 4; lastKnownFileType = sourcecode.swift; path = FirebaseFlightDetailViewControllerDelegateTracker.swift; sourceTree = "<group>"; };
		53663131269D92E60075F9F0 /* CustomServiceFlightsSearchTracker.swift */ = {isa = PBXFileReference; fileEncoding = 4; lastKnownFileType = sourcecode.swift; path = CustomServiceFlightsSearchTracker.swift; sourceTree = "<group>"; };
		53663132269D92E60075F9F0 /* FlightDetailViewControllerDelegateComposer.swift */ = {isa = PBXFileReference; fileEncoding = 4; lastKnownFileType = sourcecode.swift; path = FlightDetailViewControllerDelegateComposer.swift; sourceTree = "<group>"; };
		53663133269D92E60075F9F0 /* FlightsSearchRouter.swift */ = {isa = PBXFileReference; fileEncoding = 4; lastKnownFileType = sourcecode.swift; path = FlightsSearchRouter.swift; sourceTree = "<group>"; };
		53A8AA24269F8F7F00EE304B /* DetailsDeeplinkHandler.swift */ = {isa = PBXFileReference; lastKnownFileType = sourcecode.swift; path = DetailsDeeplinkHandler.swift; sourceTree = "<group>"; };
		53A8AA26269F90ED00EE304B /* MyFlightsDeeplinking */ = {isa = PBXFileReference; lastKnownFileType = folder; path = MyFlightsDeeplinking; sourceTree = "<group>"; };
		53A8AA2E269F93A200EE304B /* UIKitPushFlightsSearchRouter.swift */ = {isa = PBXFileReference; fileEncoding = 4; lastKnownFileType = sourcecode.swift; path = UIKitPushFlightsSearchRouter.swift; sourceTree = "<group>"; };
		53A8AA31269F93FF00EE304B /* FlightDetailViewControllerFactory.swift */ = {isa = PBXFileReference; lastKnownFileType = sourcecode.swift; path = FlightDetailViewControllerFactory.swift; sourceTree = "<group>"; };
		53C102C7269CE3E9002EEB05 /* MyFlightsSearchEngine */ = {isa = PBXFileReference; lastKnownFileType = folder; path = MyFlightsSearchEngine; sourceTree = "<group>"; };
		53C102CA269CE46D002EEB05 /* FlightsSearchPresentation */ = {isa = PBXFileReference; lastKnownFileType = folder; path = FlightsSearchPresentation; sourceTree = "<group>"; };
		53FF799226B4A9AE0032019E /* DeeplinkBootstrapConfigurator.swift */ = {isa = PBXFileReference; lastKnownFileType = sourcecode.swift; path = DeeplinkBootstrapConfigurator.swift; sourceTree = "<group>"; };
		53FF799426B4A9D10032019E /* DefaultDeeplinkHandler.swift */ = {isa = PBXFileReference; lastKnownFileType = sourcecode.swift; path = DefaultDeeplinkHandler.swift; sourceTree = "<group>"; };
		53FF799726B4ABCD0032019E /* WhatsNew */ = {isa = PBXFileReference; lastKnownFileType = folder; path = WhatsNew; sourceTree = "<group>"; };
/* End PBXFileReference section */

/* Begin PBXFrameworksBuildPhase section */
		531E5CF62697AB25008C5827 /* Frameworks */ = {
			isa = PBXFrameworksBuildPhase;
			buildActionMask = 2147483647;
			files = (
				53FF799926B4ABD90032019E /* WhatsNew in Frameworks */,
				534E92B426B4ADAD009FDA4B /* MyFlightsDeeplinking in Frameworks */,
				53C102CC269CE47B002EEB05 /* FlightsSearchPresentation in Frameworks */,
				53C102C9269CE417002EEB05 /* MyFlightsSearchEngine in Frameworks */,
			);
			runOnlyForDeploymentPostprocessing = 0;
		};
		531E5D0C2697AB26008C5827 /* Frameworks */ = {
			isa = PBXFrameworksBuildPhase;
			buildActionMask = 2147483647;
			files = (
			);
			runOnlyForDeploymentPostprocessing = 0;
		};
/* End PBXFrameworksBuildPhase section */

/* Begin PBXGroup section */
		531E5CF02697AB25008C5827 = {
			isa = PBXGroup;
			children = (
				531E5CFB2697AB25008C5827 /* MyFlights */,
				531E5D122697AB26008C5827 /* MyFlightsTests */,
				531E5CFA2697AB25008C5827 /* Products */,
				53C102B2269CD5CB002EEB05 /* Frameworks */,
			);
			sourceTree = "<group>";
		};
		531E5CFA2697AB25008C5827 /* Products */ = {
			isa = PBXGroup;
			children = (
				531E5CF92697AB25008C5827 /* MyFlights.app */,
				531E5D0F2697AB26008C5827 /* MyFlightsTests.xctest */,
			);
			name = Products;
			sourceTree = "<group>";
		};
		531E5CFB2697AB25008C5827 /* MyFlights */ = {
			isa = PBXGroup;
			children = (
				53FF799626B4AA2D0032019E /* Deeplinking */,
				53663145269D94630075F9F0 /* Flights */,
				531E5CFC2697AB25008C5827 /* AppDelegate.swift */,
				531E5CFE2697AB25008C5827 /* SceneDelegate.swift */,
				531E5D052697AB26008C5827 /* Assets.xcassets */,
				531E5D072697AB26008C5827 /* LaunchScreen.storyboard */,
				531E5D0A2697AB26008C5827 /* Info.plist */,
			);
			path = MyFlights;
			sourceTree = "<group>";
		};
		531E5D122697AB26008C5827 /* MyFlightsTests */ = {
			isa = PBXGroup;
			children = (
				531E5D132697AB26008C5827 /* MyFlightsTests.swift */,
				531E5D152697AB26008C5827 /* Info.plist */,
			);
			path = MyFlightsTests;
			sourceTree = "<group>";
		};
		53663140269D93CA0075F9F0 /* Search */ = {
			isa = PBXGroup;
			children = (
				53663142269D94220075F9F0 /* Tracking */,
				53663144269D94360075F9F0 /* UIKit */,
				5366312B269D92E60075F9F0 /* FlightsSearchViewControllerComposer.swift */,
				53663133269D92E60075F9F0 /* FlightsSearchRouter.swift */,
			);
			path = Search;
			sourceTree = "<group>";
		};
		53663141269D93E10075F9F0 /* Detail */ = {
			isa = PBXGroup;
			children = (
				53663143269D94280075F9F0 /* Tracking */,
				53663132269D92E60075F9F0 /* FlightDetailViewControllerDelegateComposer.swift */,
				5366312F269D92E60075F9F0 /* UIKitFlightDetailViewControllerFactory.swift */,
				53A8AA31269F93FF00EE304B /* FlightDetailViewControllerFactory.swift */,
				53A8AA24269F8F7F00EE304B /* DetailsDeeplinkHandler.swift */,
			);
			path = Detail;
			sourceTree = "<group>";
		};
		53663142269D94220075F9F0 /* Tracking */ = {
			isa = PBXGroup;
			children = (
				53663131269D92E60075F9F0 /* CustomServiceFlightsSearchTracker.swift */,
				5366312E269D92E60075F9F0 /* FirebaseFlightsSearchTracker.swift */,
			);
			path = Tracking;
			sourceTree = "<group>";
		};
		53663143269D94280075F9F0 /* Tracking */ = {
			isa = PBXGroup;
			children = (
				5366312A269D92E60075F9F0 /* CustomServiceFlightDetailViewControllerDelegateTracker.swift */,
				53663130269D92E60075F9F0 /* FirebaseFlightDetailViewControllerDelegateTracker.swift */,
			);
			path = Tracking;
			sourceTree = "<group>";
		};
		53663144269D94360075F9F0 /* UIKit */ = {
			isa = PBXGroup;
			children = (
				5366312D269D92E60075F9F0 /* UIKitFlightsSearchViewControllerFactory.swift */,
				53A8AA30269F93E300EE304B /* Routing */,
			);
			path = UIKit;
			sourceTree = "<group>";
		};
		53663145269D94630075F9F0 /* Flights */ = {
			isa = PBXGroup;
			children = (
				53663141269D93E10075F9F0 /* Detail */,
				53663140269D93CA0075F9F0 /* Search */,
			);
			path = Flights;
			sourceTree = "<group>";
		};
		53A8AA30269F93E300EE304B /* Routing */ = {
			isa = PBXGroup;
			children = (
				53A8AA2E269F93A200EE304B /* UIKitPushFlightsSearchRouter.swift */,
			);
			path = Routing;
			sourceTree = "<group>";
		};
		53C102B2269CD5CB002EEB05 /* Frameworks */ = {
			isa = PBXGroup;
			children = (
				53FF799726B4ABCD0032019E /* WhatsNew */,
				53A8AA26269F90ED00EE304B /* MyFlightsDeeplinking */,
				53C102CA269CE46D002EEB05 /* FlightsSearchPresentation */,
				53C102C7269CE3E9002EEB05 /* MyFlightsSearchEngine */,
			);
			name = Frameworks;
			sourceTree = "<group>";
		};
		53FF799626B4AA2D0032019E /* Deeplinking */ = {
			isa = PBXGroup;
			children = (
				53FF799426B4A9D10032019E /* DefaultDeeplinkHandler.swift */,
				53FF799226B4A9AE0032019E /* DeeplinkBootstrapConfigurator.swift */,
			);
			path = Deeplinking;
			sourceTree = "<group>";
		};
/* End PBXGroup section */

/* Begin PBXNativeTarget section */
		531E5CF82697AB25008C5827 /* MyFlights */ = {
			isa = PBXNativeTarget;
			buildConfigurationList = 531E5D232697AB26008C5827 /* Build configuration list for PBXNativeTarget "MyFlights" */;
			buildPhases = (
				531E5CF52697AB25008C5827 /* Sources */,
				531E5CF62697AB25008C5827 /* Frameworks */,
				531E5CF72697AB25008C5827 /* Resources */,
			);
			buildRules = (
			);
			dependencies = (
			);
			name = MyFlights;
			packageProductDependencies = (
				53C102C8269CE417002EEB05 /* MyFlightsSearchEngine */,
				53C102CB269CE47B002EEB05 /* FlightsSearchPresentation */,
				53FF799826B4ABD90032019E /* WhatsNew */,
				534E92B326B4ADAD009FDA4B /* MyFlightsDeeplinking */,
			);
			productName = MyFlights;
			productReference = 531E5CF92697AB25008C5827 /* MyFlights.app */;
			productType = "com.apple.product-type.application";
		};
		531E5D0E2697AB26008C5827 /* MyFlightsTests */ = {
			isa = PBXNativeTarget;
			buildConfigurationList = 531E5D262697AB26008C5827 /* Build configuration list for PBXNativeTarget "MyFlightsTests" */;
			buildPhases = (
				9009132CC3A92430891C73EE /* [CP] Check Pods Manifest.lock */,
				531E5D0B2697AB26008C5827 /* Sources */,
				531E5D0C2697AB26008C5827 /* Frameworks */,
				531E5D0D2697AB26008C5827 /* Resources */,
			);
			buildRules = (
			);
			dependencies = (
				531E5D112697AB26008C5827 /* PBXTargetDependency */,
			);
			name = MyFlightsTests;
			productName = MyFlightsTests;
			productReference = 531E5D0F2697AB26008C5827 /* MyFlightsTests.xctest */;
			productType = "com.apple.product-type.bundle.unit-test";
		};
/* End PBXNativeTarget section */

/* Begin PBXProject section */
		531E5CF12697AB25008C5827 /* Project object */ = {
			isa = PBXProject;
			attributes = {
				LastSwiftUpdateCheck = 1250;
				LastUpgradeCheck = 1250;
				TargetAttributes = {
					531E5CF82697AB25008C5827 = {
						CreatedOnToolsVersion = 12.5;
					};
					531E5D0E2697AB26008C5827 = {
						CreatedOnToolsVersion = 12.5;
						TestTargetID = 531E5CF82697AB25008C5827;
					};
				};
			};
			buildConfigurationList = 531E5CF42697AB25008C5827 /* Build configuration list for PBXProject "MyFlights" */;
			compatibilityVersion = "Xcode 9.3";
			developmentRegion = en;
			hasScannedForEncodings = 0;
			knownRegions = (
				en,
				Base,
			);
			mainGroup = 531E5CF02697AB25008C5827;
			productRefGroup = 531E5CFA2697AB25008C5827 /* Products */;
			projectDirPath = "";
			projectRoot = "";
			targets = (
				531E5CF82697AB25008C5827 /* MyFlights */,
				531E5D0E2697AB26008C5827 /* MyFlightsTests */,
			);
		};
/* End PBXProject section */

/* Begin PBXResourcesBuildPhase section */
		531E5CF72697AB25008C5827 /* Resources */ = {
			isa = PBXResourcesBuildPhase;
			buildActionMask = 2147483647;
			files = (
				531E5D092697AB26008C5827 /* LaunchScreen.storyboard in Resources */,
				531E5D062697AB26008C5827 /* Assets.xcassets in Resources */,
			);
			runOnlyForDeploymentPostprocessing = 0;
		};
		531E5D0D2697AB26008C5827 /* Resources */ = {
			isa = PBXResourcesBuildPhase;
			buildActionMask = 2147483647;
			files = (
			);
			runOnlyForDeploymentPostprocessing = 0;
		};
/* End PBXResourcesBuildPhase section */

/* Begin PBXShellScriptBuildPhase section */
		9009132CC3A92430891C73EE /* [CP] Check Pods Manifest.lock */ = {
			isa = PBXShellScriptBuildPhase;
			buildActionMask = 2147483647;
			files = (
			);
			inputFileListPaths = (
			);
			inputPaths = (
				"${PODS_PODFILE_DIR_PATH}/Podfile.lock",
				"${PODS_ROOT}/Manifest.lock",
			);
			name = "[CP] Check Pods Manifest.lock";
			outputFileListPaths = (
			);
			outputPaths = (
				"$(DERIVED_FILE_DIR)/Pods-MyFlightsTests-checkManifestLockResult.txt",
			);
			runOnlyForDeploymentPostprocessing = 0;
			shellPath = /bin/sh;
			shellScript = "diff \"${PODS_PODFILE_DIR_PATH}/Podfile.lock\" \"${PODS_ROOT}/Manifest.lock\" > /dev/null\nif [ $? != 0 ] ; then\n    # print error to STDERR\n    echo \"error: The sandbox is not in sync with the Podfile.lock. Run 'pod install' or update your CocoaPods installation.\" >&2\n    exit 1\nfi\n# This output is used by Xcode 'outputs' to avoid re-running this script phase.\necho \"SUCCESS\" > \"${SCRIPT_OUTPUT_FILE_0}\"\n";
			showEnvVarsInLog = 0;
		};
/* End PBXShellScriptBuildPhase section */

/* Begin PBXSourcesBuildPhase section */
		531E5CF52697AB25008C5827 /* Sources */ = {
			isa = PBXSourcesBuildPhase;
			buildActionMask = 2147483647;
			files = (
				531E5CFD2697AB25008C5827 /* AppDelegate.swift in Sources */,
				5366313C269D92E60075F9F0 /* FirebaseFlightDetailViewControllerDelegateTracker.swift in Sources */,
				53663136269D92E60075F9F0 /* CustomServiceFlightDetailViewControllerDelegateTracker.swift in Sources */,
				5366313A269D92E60075F9F0 /* FirebaseFlightsSearchTracker.swift in Sources */,
				53FF799526B4A9D10032019E /* DefaultDeeplinkHandler.swift in Sources */,
				531E5CFF2697AB25008C5827 /* SceneDelegate.swift in Sources */,
				5366313F269D92E60075F9F0 /* FlightsSearchRouter.swift in Sources */,
				53663139269D92E60075F9F0 /* UIKitFlightsSearchViewControllerFactory.swift in Sources */,
				53FF799326B4A9AE0032019E /* DeeplinkBootstrapConfigurator.swift in Sources */,
				5366313B269D92E60075F9F0 /* UIKitFlightDetailViewControllerFactory.swift in Sources */,
				53663137269D92E60075F9F0 /* FlightsSearchViewControllerComposer.swift in Sources */,
				53A8AA2F269F93A200EE304B /* UIKitPushFlightsSearchRouter.swift in Sources */,
				53A8AA25269F8F7F00EE304B /* DetailsDeeplinkHandler.swift in Sources */,
				5366313D269D92E60075F9F0 /* CustomServiceFlightsSearchTracker.swift in Sources */,
				5366313E269D92E60075F9F0 /* FlightDetailViewControllerDelegateComposer.swift in Sources */,
				53A8AA32269F93FF00EE304B /* FlightDetailViewControllerFactory.swift in Sources */,
			);
			runOnlyForDeploymentPostprocessing = 0;
		};
		531E5D0B2697AB26008C5827 /* Sources */ = {
			isa = PBXSourcesBuildPhase;
			buildActionMask = 2147483647;
			files = (
				531E5D142697AB26008C5827 /* MyFlightsTests.swift in Sources */,
			);
			runOnlyForDeploymentPostprocessing = 0;
		};
/* End PBXSourcesBuildPhase section */

/* Begin PBXTargetDependency section */
		531E5D112697AB26008C5827 /* PBXTargetDependency */ = {
			isa = PBXTargetDependency;
			target = 531E5CF82697AB25008C5827 /* MyFlights */;
			targetProxy = 531E5D102697AB26008C5827 /* PBXContainerItemProxy */;
		};
/* End PBXTargetDependency section */

/* Begin PBXVariantGroup section */
		531E5D072697AB26008C5827 /* LaunchScreen.storyboard */ = {
			isa = PBXVariantGroup;
			children = (
				531E5D082697AB26008C5827 /* Base */,
			);
			name = LaunchScreen.storyboard;
			sourceTree = "<group>";
		};
/* End PBXVariantGroup section */

/* Begin XCBuildConfiguration section */
		531E5D212697AB26008C5827 /* Debug */ = {
			isa = XCBuildConfiguration;
			buildSettings = {
				ALWAYS_SEARCH_USER_PATHS = NO;
				CLANG_ANALYZER_NONNULL = YES;
				CLANG_ANALYZER_NUMBER_OBJECT_CONVERSION = YES_AGGRESSIVE;
				CLANG_CXX_LANGUAGE_STANDARD = "gnu++14";
				CLANG_CXX_LIBRARY = "libc++";
				CLANG_ENABLE_MODULES = YES;
				CLANG_ENABLE_OBJC_ARC = YES;
				CLANG_ENABLE_OBJC_WEAK = YES;
				CLANG_WARN_BLOCK_CAPTURE_AUTORELEASING = YES;
				CLANG_WARN_BOOL_CONVERSION = YES;
				CLANG_WARN_COMMA = YES;
				CLANG_WARN_CONSTANT_CONVERSION = YES;
				CLANG_WARN_DEPRECATED_OBJC_IMPLEMENTATIONS = YES;
				CLANG_WARN_DIRECT_OBJC_ISA_USAGE = YES_ERROR;
				CLANG_WARN_DOCUMENTATION_COMMENTS = YES;
				CLANG_WARN_EMPTY_BODY = YES;
				CLANG_WARN_ENUM_CONVERSION = YES;
				CLANG_WARN_INFINITE_RECURSION = YES;
				CLANG_WARN_INT_CONVERSION = YES;
				CLANG_WARN_NON_LITERAL_NULL_CONVERSION = YES;
				CLANG_WARN_OBJC_IMPLICIT_RETAIN_SELF = YES;
				CLANG_WARN_OBJC_LITERAL_CONVERSION = YES;
				CLANG_WARN_OBJC_ROOT_CLASS = YES_ERROR;
				CLANG_WARN_QUOTED_INCLUDE_IN_FRAMEWORK_HEADER = YES;
				CLANG_WARN_RANGE_LOOP_ANALYSIS = YES;
				CLANG_WARN_STRICT_PROTOTYPES = YES;
				CLANG_WARN_SUSPICIOUS_MOVE = YES;
				CLANG_WARN_UNGUARDED_AVAILABILITY = YES_AGGRESSIVE;
				CLANG_WARN_UNREACHABLE_CODE = YES;
				CLANG_WARN__DUPLICATE_METHOD_MATCH = YES;
				COPY_PHASE_STRIP = NO;
				DEBUG_INFORMATION_FORMAT = dwarf;
				ENABLE_STRICT_OBJC_MSGSEND = YES;
				ENABLE_TESTABILITY = YES;
				GCC_C_LANGUAGE_STANDARD = gnu11;
				GCC_DYNAMIC_NO_PIC = NO;
				GCC_NO_COMMON_BLOCKS = YES;
				GCC_OPTIMIZATION_LEVEL = 0;
				GCC_PREPROCESSOR_DEFINITIONS = (
					"DEBUG=1",
					"$(inherited)",
				);
				GCC_WARN_64_TO_32_BIT_CONVERSION = YES;
				GCC_WARN_ABOUT_RETURN_TYPE = YES_ERROR;
				GCC_WARN_UNDECLARED_SELECTOR = YES;
				GCC_WARN_UNINITIALIZED_AUTOS = YES_AGGRESSIVE;
				GCC_WARN_UNUSED_FUNCTION = YES;
				GCC_WARN_UNUSED_VARIABLE = YES;
				IPHONEOS_DEPLOYMENT_TARGET = 14.5;
				MTL_ENABLE_DEBUG_INFO = INCLUDE_SOURCE;
				MTL_FAST_MATH = YES;
				ONLY_ACTIVE_ARCH = YES;
				SDKROOT = iphoneos;
				SWIFT_ACTIVE_COMPILATION_CONDITIONS = DEBUG;
				SWIFT_OPTIMIZATION_LEVEL = "-Onone";
			};
			name = Debug;
		};
		531E5D222697AB26008C5827 /* Release */ = {
			isa = XCBuildConfiguration;
			buildSettings = {
				ALWAYS_SEARCH_USER_PATHS = NO;
				CLANG_ANALYZER_NONNULL = YES;
				CLANG_ANALYZER_NUMBER_OBJECT_CONVERSION = YES_AGGRESSIVE;
				CLANG_CXX_LANGUAGE_STANDARD = "gnu++14";
				CLANG_CXX_LIBRARY = "libc++";
				CLANG_ENABLE_MODULES = YES;
				CLANG_ENABLE_OBJC_ARC = YES;
				CLANG_ENABLE_OBJC_WEAK = YES;
				CLANG_WARN_BLOCK_CAPTURE_AUTORELEASING = YES;
				CLANG_WARN_BOOL_CONVERSION = YES;
				CLANG_WARN_COMMA = YES;
				CLANG_WARN_CONSTANT_CONVERSION = YES;
				CLANG_WARN_DEPRECATED_OBJC_IMPLEMENTATIONS = YES;
				CLANG_WARN_DIRECT_OBJC_ISA_USAGE = YES_ERROR;
				CLANG_WARN_DOCUMENTATION_COMMENTS = YES;
				CLANG_WARN_EMPTY_BODY = YES;
				CLANG_WARN_ENUM_CONVERSION = YES;
				CLANG_WARN_INFINITE_RECURSION = YES;
				CLANG_WARN_INT_CONVERSION = YES;
				CLANG_WARN_NON_LITERAL_NULL_CONVERSION = YES;
				CLANG_WARN_OBJC_IMPLICIT_RETAIN_SELF = YES;
				CLANG_WARN_OBJC_LITERAL_CONVERSION = YES;
				CLANG_WARN_OBJC_ROOT_CLASS = YES_ERROR;
				CLANG_WARN_QUOTED_INCLUDE_IN_FRAMEWORK_HEADER = YES;
				CLANG_WARN_RANGE_LOOP_ANALYSIS = YES;
				CLANG_WARN_STRICT_PROTOTYPES = YES;
				CLANG_WARN_SUSPICIOUS_MOVE = YES;
				CLANG_WARN_UNGUARDED_AVAILABILITY = YES_AGGRESSIVE;
				CLANG_WARN_UNREACHABLE_CODE = YES;
				CLANG_WARN__DUPLICATE_METHOD_MATCH = YES;
				COPY_PHASE_STRIP = NO;
				DEBUG_INFORMATION_FORMAT = "dwarf-with-dsym";
				ENABLE_NS_ASSERTIONS = NO;
				ENABLE_STRICT_OBJC_MSGSEND = YES;
				GCC_C_LANGUAGE_STANDARD = gnu11;
				GCC_NO_COMMON_BLOCKS = YES;
				GCC_WARN_64_TO_32_BIT_CONVERSION = YES;
				GCC_WARN_ABOUT_RETURN_TYPE = YES_ERROR;
				GCC_WARN_UNDECLARED_SELECTOR = YES;
				GCC_WARN_UNINITIALIZED_AUTOS = YES_AGGRESSIVE;
				GCC_WARN_UNUSED_FUNCTION = YES;
				GCC_WARN_UNUSED_VARIABLE = YES;
				IPHONEOS_DEPLOYMENT_TARGET = 14.5;
				MTL_ENABLE_DEBUG_INFO = NO;
				MTL_FAST_MATH = YES;
				SDKROOT = iphoneos;
				SWIFT_COMPILATION_MODE = wholemodule;
				SWIFT_OPTIMIZATION_LEVEL = "-O";
				VALIDATE_PRODUCT = YES;
			};
			name = Release;
		};
		531E5D242697AB26008C5827 /* Debug */ = {
			isa = XCBuildConfiguration;
			buildSettings = {
				ASSETCATALOG_COMPILER_APPICON_NAME = AppIcon;
				ASSETCATALOG_COMPILER_GLOBAL_ACCENT_COLOR_NAME = AccentColor;
				CODE_SIGN_STYLE = Automatic;
				DEVELOPMENT_TEAM = VQDNM3C2SW;
				INFOPLIST_FILE = MyFlights/Info.plist;
				LD_RUNPATH_SEARCH_PATHS = (
					"$(inherited)",
					"@executable_path/Frameworks",
				);
				PRODUCT_BUNDLE_IDENTIFIER = com.frusoft.MyFlights;
				PRODUCT_NAME = "$(TARGET_NAME)";
				SWIFT_VERSION = 5.0;
				TARGETED_DEVICE_FAMILY = "1,2";
			};
			name = Debug;
		};
		531E5D252697AB26008C5827 /* Release */ = {
			isa = XCBuildConfiguration;
			buildSettings = {
				ASSETCATALOG_COMPILER_APPICON_NAME = AppIcon;
				ASSETCATALOG_COMPILER_GLOBAL_ACCENT_COLOR_NAME = AccentColor;
				CODE_SIGN_STYLE = Automatic;
				DEVELOPMENT_TEAM = VQDNM3C2SW;
				INFOPLIST_FILE = MyFlights/Info.plist;
				LD_RUNPATH_SEARCH_PATHS = (
					"$(inherited)",
					"@executable_path/Frameworks",
				);
				PRODUCT_BUNDLE_IDENTIFIER = com.frusoft.MyFlights;
				PRODUCT_NAME = "$(TARGET_NAME)";
				SWIFT_VERSION = 5.0;
				TARGETED_DEVICE_FAMILY = "1,2";
			};
			name = Release;
		};
		531E5D272697AB26008C5827 /* Debug */ = {
			isa = XCBuildConfiguration;
			buildSettings = {
				ALWAYS_EMBED_SWIFT_STANDARD_LIBRARIES = YES;
				BUNDLE_LOADER = "$(TEST_HOST)";
				CODE_SIGN_IDENTITY = "Apple Development";
				"CODE_SIGN_IDENTITY[sdk=macosx*]" = "Apple Development";
				CODE_SIGN_STYLE = Automatic;
				DEVELOPMENT_TEAM = VQDNM3C2SW;
				INFOPLIST_FILE = MyFlightsTests/Info.plist;
				IPHONEOS_DEPLOYMENT_TARGET = 14.5;
				LD_RUNPATH_SEARCH_PATHS = (
					"$(inherited)",
					"@executable_path/Frameworks",
					"@loader_path/Frameworks",
				);
				PRODUCT_BUNDLE_IDENTIFIER = com.frusoft.MyFlightsTests;
				PRODUCT_NAME = "$(TARGET_NAME)";
				PROVISIONING_PROFILE_SPECIFIER = "";
				"PROVISIONING_PROFILE_SPECIFIER[sdk=macosx*]" = "";
				SWIFT_VERSION = 5.0;
				TARGETED_DEVICE_FAMILY = "1,2";
				TEST_HOST = "$(BUILT_PRODUCTS_DIR)/MyFlights.app/MyFlights";
			};
			name = Debug;
		};
		531E5D282697AB26008C5827 /* Release */ = {
			isa = XCBuildConfiguration;
			buildSettings = {
				ALWAYS_EMBED_SWIFT_STANDARD_LIBRARIES = YES;
				BUNDLE_LOADER = "$(TEST_HOST)";
				CODE_SIGN_IDENTITY = "Apple Development";
				"CODE_SIGN_IDENTITY[sdk=macosx*]" = "Apple Development";
				CODE_SIGN_STYLE = Automatic;
				DEVELOPMENT_TEAM = VQDNM3C2SW;
				INFOPLIST_FILE = MyFlightsTests/Info.plist;
				IPHONEOS_DEPLOYMENT_TARGET = 14.5;
				LD_RUNPATH_SEARCH_PATHS = (
					"$(inherited)",
					"@executable_path/Frameworks",
					"@loader_path/Frameworks",
				);
				PRODUCT_BUNDLE_IDENTIFIER = com.frusoft.MyFlightsTests;
				PRODUCT_NAME = "$(TARGET_NAME)";
				PROVISIONING_PROFILE_SPECIFIER = "";
				"PROVISIONING_PROFILE_SPECIFIER[sdk=macosx*]" = "";
				SWIFT_VERSION = 5.0;
				TARGETED_DEVICE_FAMILY = "1,2";
				TEST_HOST = "$(BUILT_PRODUCTS_DIR)/MyFlights.app/MyFlights";
			};
			name = Release;
		};
/* End XCBuildConfiguration section */

/* Begin XCConfigurationList section */
		531E5CF42697AB25008C5827 /* Build configuration list for PBXProject "MyFlights" */ = {
			isa = XCConfigurationList;
			buildConfigurations = (
				531E5D212697AB26008C5827 /* Debug */,
				531E5D222697AB26008C5827 /* Release */,
			);
			defaultConfigurationIsVisible = 0;
			defaultConfigurationName = Release;
		};
		531E5D232697AB26008C5827 /* Build configuration list for PBXNativeTarget "MyFlights" */ = {
			isa = XCConfigurationList;
			buildConfigurations = (
				531E5D242697AB26008C5827 /* Debug */,
				531E5D252697AB26008C5827 /* Release */,
			);
			defaultConfigurationIsVisible = 0;
			defaultConfigurationName = Release;
		};
		531E5D262697AB26008C5827 /* Build configuration list for PBXNativeTarget "MyFlightsTests" */ = {
			isa = XCConfigurationList;
			buildConfigurations = (
				531E5D272697AB26008C5827 /* Debug */,
				531E5D282697AB26008C5827 /* Release */,
			);
			defaultConfigurationIsVisible = 0;
			defaultConfigurationName = Release;
		};
/* End XCConfigurationList section */

/* Begin XCSwiftPackageProductDependency section */
		534E92B326B4ADAD009FDA4B /* MyFlightsDeeplinking */ = {
			isa = XCSwiftPackageProductDependency;
			productName = MyFlightsDeeplinking;
		};
		53C102C8269CE417002EEB05 /* MyFlightsSearchEngine */ = {
			isa = XCSwiftPackageProductDependency;
			productName = MyFlightsSearchEngine;
		};
		53C102CB269CE47B002EEB05 /* FlightsSearchPresentation */ = {
			isa = XCSwiftPackageProductDependency;
			productName = FlightsSearchPresentation;
		};
		53FF799826B4ABD90032019E /* WhatsNew */ = {
			isa = XCSwiftPackageProductDependency;
			productName = WhatsNew;
		};
/* End XCSwiftPackageProductDependency section */
	};
	rootObject = 531E5CF12697AB25008C5827 /* Project object */;
}
